// !$*UTF8*$!
{
	archiveVersion = 1;
	classes = {
	};
	objectVersion = 56;
	objects = {

/* Begin PBXBuildFile section */
		12FB348E2AC0638D00718A6C /* AppDelegate.swift in Sources */ = {isa = PBXBuildFile; fileRef = 12FB348D2AC0638D00718A6C /* AppDelegate.swift */; };
		12FB34902AC0638D00718A6C /* SceneDelegate.swift in Sources */ = {isa = PBXBuildFile; fileRef = 12FB348F2AC0638D00718A6C /* SceneDelegate.swift */; };
		12FB34922AC0638D00718A6C /* ViewController.swift in Sources */ = {isa = PBXBuildFile; fileRef = 12FB34912AC0638D00718A6C /* ViewController.swift */; };
		12FB34952AC0638D00718A6C /* Main.storyboard in Resources */ = {isa = PBXBuildFile; fileRef = 12FB34932AC0638D00718A6C /* Main.storyboard */; };
		12FB34972AC0638E00718A6C /* Assets.xcassets in Resources */ = {isa = PBXBuildFile; fileRef = 12FB34962AC0638E00718A6C /* Assets.xcassets */; };
		12FB349A2AC0638E00718A6C /* LaunchScreen.storyboard in Resources */ = {isa = PBXBuildFile; fileRef = 12FB34982AC0638E00718A6C /* LaunchScreen.storyboard */; };
		12FB34A52AC0638E00718A6C /* CounterTests.swift in Sources */ = {isa = PBXBuildFile; fileRef = 12FB34A42AC0638E00718A6C /* CounterTests.swift */; };
		12FB34AF2AC0638E00718A6C /* CounterUITests.swift in Sources */ = {isa = PBXBuildFile; fileRef = 12FB34AE2AC0638E00718A6C /* CounterUITests.swift */; };
		12FB34B12AC0638E00718A6C /* CounterUITestsLaunchTests.swift in Sources */ = {isa = PBXBuildFile; fileRef = 12FB34B02AC0638E00718A6C /* CounterUITestsLaunchTests.swift */; };
/* End PBXBuildFile section */

/* Begin PBXContainerItemProxy section */
		12FB34A12AC0638E00718A6C /* PBXContainerItemProxy */ = {
			isa = PBXContainerItemProxy;
			containerPortal = 12FB34822AC0638D00718A6C /* Project object */;
			proxyType = 1;
			remoteGlobalIDString = 12FB34892AC0638D00718A6C;
			remoteInfo = Counter;
		};
		12FB34AB2AC0638E00718A6C /* PBXContainerItemProxy */ = {
			isa = PBXContainerItemProxy;
			containerPortal = 12FB34822AC0638D00718A6C /* Project object */;
			proxyType = 1;
			remoteGlobalIDString = 12FB34892AC0638D00718A6C;
			remoteInfo = Counter;
		};
/* End PBXContainerItemProxy section */

/* Begin PBXFileReference section */
		12FB348A2AC0638D00718A6C /* Counter.app */ = {isa = PBXFileReference; explicitFileType = wrapper.application; includeInIndex = 0; path = Counter.app; sourceTree = BUILT_PRODUCTS_DIR; };
		12FB348D2AC0638D00718A6C /* AppDelegate.swift */ = {isa = PBXFileReference; lastKnownFileType = sourcecode.swift; path = AppDelegate.swift; sourceTree = "<group>"; };
		12FB348F2AC0638D00718A6C /* SceneDelegate.swift */ = {isa = PBXFileReference; lastKnownFileType = sourcecode.swift; path = SceneDelegate.swift; sourceTree = "<group>"; };
		12FB34912AC0638D00718A6C /* ViewController.swift */ = {isa = PBXFileReference; lastKnownFileType = sourcecode.swift; path = ViewController.swift; sourceTree = "<group>"; };
		12FB34942AC0638D00718A6C /* Base */ = {isa = PBXFileReference; lastKnownFileType = file.storyboard; name = Base; path = Base.lproj/Main.storyboard; sourceTree = "<group>"; };
		12FB34962AC0638E00718A6C /* Assets.xcassets */ = {isa = PBXFileReference; lastKnownFileType = folder.assetcatalog; path = Assets.xcassets; sourceTree = "<group>"; };
		12FB34992AC0638E00718A6C /* Base */ = {isa = PBXFileReference; lastKnownFileType = file.storyboard; name = Base; path = Base.lproj/LaunchScreen.storyboard; sourceTree = "<group>"; };
		12FB349B2AC0638E00718A6C /* Info.plist */ = {isa = PBXFileReference; lastKnownFileType = text.plist.xml; path = Info.plist; sourceTree = "<group>"; };
		12FB34A02AC0638E00718A6C /* CounterTests.xctest */ = {isa = PBXFileReference; explicitFileType = wrapper.cfbundle; includeInIndex = 0; path = CounterTests.xctest; sourceTree = BUILT_PRODUCTS_DIR; };
		12FB34A42AC0638E00718A6C /* CounterTests.swift */ = {isa = PBXFileReference; lastKnownFileType = sourcecode.swift; path = CounterTests.swift; sourceTree = "<group>"; };
		12FB34AA2AC0638E00718A6C /* CounterUITests.xctest */ = {isa = PBXFileReference; explicitFileType = wrapper.cfbundle; includeInIndex = 0; path = CounterUITests.xctest; sourceTree = BUILT_PRODUCTS_DIR; };
		12FB34AE2AC0638E00718A6C /* CounterUITests.swift */ = {isa = PBXFileReference; lastKnownFileType = sourcecode.swift; path = CounterUITests.swift; sourceTree = "<group>"; };
		12FB34B02AC0638E00718A6C /* CounterUITestsLaunchTests.swift */ = {isa = PBXFileReference; lastKnownFileType = sourcecode.swift; path = CounterUITestsLaunchTests.swift; sourceTree = "<group>"; };
/* End PBXFileReference section */

/* Begin PBXFrameworksBuildPhase section */
		12FB34872AC0638D00718A6C /* Frameworks */ = {
			isa = PBXFrameworksBuildPhase;
			buildActionMask = 2147483647;
			files = (
			);
			runOnlyForDeploymentPostprocessing = 0;
		};
		12FB349D2AC0638E00718A6C /* Frameworks */ = {
			isa = PBXFrameworksBuildPhase;
			buildActionMask = 2147483647;
			files = (
			);
			runOnlyForDeploymentPostprocessing = 0;
		};
		12FB34A72AC0638E00718A6C /* Frameworks */ = {
			isa = PBXFrameworksBuildPhase;
			buildActionMask = 2147483647;
			files = (
			);
			runOnlyForDeploymentPostprocessing = 0;
		};
/* End PBXFrameworksBuildPhase section */

/* Begin PBXGroup section */
		12FB34812AC0638D00718A6C = {
			isa = PBXGroup;
			children = (
				12FB348C2AC0638D00718A6C /* Counter */,
				12FB34A32AC0638E00718A6C /* CounterTests */,
				12FB34AD2AC0638E00718A6C /* CounterUITests */,
				12FB348B2AC0638D00718A6C /* Products */,
			);
			sourceTree = "<group>";
		};
		12FB348B2AC0638D00718A6C /* Products */ = {
			isa = PBXGroup;
			children = (
				12FB348A2AC0638D00718A6C /* Counter.app */,
				12FB34A02AC0638E00718A6C /* CounterTests.xctest */,
				12FB34AA2AC0638E00718A6C /* CounterUITests.xctest */,
			);
			name = Products;
			sourceTree = "<group>";
		};
		12FB348C2AC0638D00718A6C /* Counter */ = {
			isa = PBXGroup;
			children = (
				12FB348D2AC0638D00718A6C /* AppDelegate.swift */,
				12FB348F2AC0638D00718A6C /* SceneDelegate.swift */,
				12FB34912AC0638D00718A6C /* ViewController.swift */,
				12FB34932AC0638D00718A6C /* Main.storyboard */,
				12FB34962AC0638E00718A6C /* Assets.xcassets */,
				12FB34982AC0638E00718A6C /* LaunchScreen.storyboard */,
				12FB349B2AC0638E00718A6C /* Info.plist */,
			);
			path = Counter;
			sourceTree = "<group>";
		};
		12FB34A32AC0638E00718A6C /* CounterTests */ = {
			isa = PBXGroup;
			children = (
				12FB34A42AC0638E00718A6C /* CounterTests.swift */,
			);
			path = CounterTests;
			sourceTree = "<group>";
		};
		12FB34AD2AC0638E00718A6C /* CounterUITests */ = {
			isa = PBXGroup;
			children = (
				12FB34AE2AC0638E00718A6C /* CounterUITests.swift */,
				12FB34B02AC0638E00718A6C /* CounterUITestsLaunchTests.swift */,
			);
			path = CounterUITests;
			sourceTree = "<group>";
		};
/* End PBXGroup section */

/* Begin PBXNativeTarget section */
		12FB34892AC0638D00718A6C /* Counter */ = {
			isa = PBXNativeTarget;
			buildConfigurationList = 12FB34B42AC0638E00718A6C /* Build configuration list for PBXNativeTarget "Counter" */;
			buildPhases = (
				12FB34862AC0638D00718A6C /* Sources */,
				12FB34872AC0638D00718A6C /* Frameworks */,
				12FB34882AC0638D00718A6C /* Resources */,
			);
			buildRules = (
			);
			dependencies = (
			);
			name = Counter;
			productName = Counter;
			productReference = 12FB348A2AC0638D00718A6C /* Counter.app */;
			productType = "com.apple.product-type.application";
		};
		12FB349F2AC0638E00718A6C /* CounterTests */ = {
			isa = PBXNativeTarget;
			buildConfigurationList = 12FB34B72AC0638E00718A6C /* Build configuration list for PBXNativeTarget "CounterTests" */;
			buildPhases = (
				12FB349C2AC0638E00718A6C /* Sources */,
				12FB349D2AC0638E00718A6C /* Frameworks */,
				12FB349E2AC0638E00718A6C /* Resources */,
			);
			buildRules = (
			);
			dependencies = (
				12FB34A22AC0638E00718A6C /* PBXTargetDependency */,
			);
			name = CounterTests;
			productName = CounterTests;
			productReference = 12FB34A02AC0638E00718A6C /* CounterTests.xctest */;
			productType = "com.apple.product-type.bundle.unit-test";
		};
		12FB34A92AC0638E00718A6C /* CounterUITests */ = {
			isa = PBXNativeTarget;
			buildConfigurationList = 12FB34BA2AC0638E00718A6C /* Build configuration list for PBXNativeTarget "CounterUITests" */;
			buildPhases = (
				12FB34A62AC0638E00718A6C /* Sources */,
				12FB34A72AC0638E00718A6C /* Frameworks */,
				12FB34A82AC0638E00718A6C /* Resources */,
			);
			buildRules = (
			);
			dependencies = (
				12FB34AC2AC0638E00718A6C /* PBXTargetDependency */,
			);
			name = CounterUITests;
			productName = CounterUITests;
			productReference = 12FB34AA2AC0638E00718A6C /* CounterUITests.xctest */;
			productType = "com.apple.product-type.bundle.ui-testing";
		};
/* End PBXNativeTarget section */

/* Begin PBXProject section */
		12FB34822AC0638D00718A6C /* Project object */ = {
			isa = PBXProject;
			attributes = {
				BuildIndependentTargetsInParallel = 1;
				LastSwiftUpdateCheck = 1430;
				LastUpgradeCheck = 1430;
				TargetAttributes = {
					12FB34892AC0638D00718A6C = {
						CreatedOnToolsVersion = 14.3.1;
					};
					12FB349F2AC0638E00718A6C = {
						CreatedOnToolsVersion = 14.3.1;
						TestTargetID = 12FB34892AC0638D00718A6C;
					};
					12FB34A92AC0638E00718A6C = {
						CreatedOnToolsVersion = 14.3.1;
						TestTargetID = 12FB34892AC0638D00718A6C;
					};
				};
			};
			buildConfigurationList = 12FB34852AC0638D00718A6C /* Build configuration list for PBXProject "Counter" */;
			compatibilityVersion = "Xcode 14.0";
			developmentRegion = en;
			hasScannedForEncodings = 0;
			knownRegions = (
				en,
				Base,
			);
			mainGroup = 12FB34812AC0638D00718A6C;
			productRefGroup = 12FB348B2AC0638D00718A6C /* Products */;
			projectDirPath = "";
			projectRoot = "";
			targets = (
				12FB34892AC0638D00718A6C /* Counter */,
				12FB349F2AC0638E00718A6C /* CounterTests */,
				12FB34A92AC0638E00718A6C /* CounterUITests */,
			);
		};
/* End PBXProject section */

/* Begin PBXResourcesBuildPhase section */
		12FB34882AC0638D00718A6C /* Resources */ = {
			isa = PBXResourcesBuildPhase;
			buildActionMask = 2147483647;
			files = (
				12FB349A2AC0638E00718A6C /* LaunchScreen.storyboard in Resources */,
				12FB34972AC0638E00718A6C /* Assets.xcassets in Resources */,
				12FB34952AC0638D00718A6C /* Main.storyboard in Resources */,
			);
			runOnlyForDeploymentPostprocessing = 0;
		};
		12FB349E2AC0638E00718A6C /* Resources */ = {
			isa = PBXResourcesBuildPhase;
			buildActionMask = 2147483647;
			files = (
			);
			runOnlyForDeploymentPostprocessing = 0;
		};
		12FB34A82AC0638E00718A6C /* Resources */ = {
			isa = PBXResourcesBuildPhase;
			buildActionMask = 2147483647;
			files = (
			);
			runOnlyForDeploymentPostprocessing = 0;
		};
/* End PBXResourcesBuildPhase section */

/* Begin PBXSourcesBuildPhase section */
		12FB34862AC0638D00718A6C /* Sources */ = {
			isa = PBXSourcesBuildPhase;
			buildActionMask = 2147483647;
			files = (
				12FB34922AC0638D00718A6C /* ViewController.swift in Sources */,
				12FB348E2AC0638D00718A6C /* AppDelegate.swift in Sources */,
				12FB34902AC0638D00718A6C /* SceneDelegate.swift in Sources */,
			);
			runOnlyForDeploymentPostprocessing = 0;
		};
		12FB349C2AC0638E00718A6C /* Sources */ = {
			isa = PBXSourcesBuildPhase;
			buildActionMask = 2147483647;
			files = (
				12FB34A52AC0638E00718A6C /* CounterTests.swift in Sources */,
			);
			runOnlyForDeploymentPostprocessing = 0;
		};
		12FB34A62AC0638E00718A6C /* Sources */ = {
			isa = PBXSourcesBuildPhase;
			buildActionMask = 2147483647;
			files = (
				12FB34AF2AC0638E00718A6C /* CounterUITests.swift in Sources */,
				12FB34B12AC0638E00718A6C /* CounterUITestsLaunchTests.swift in Sources */,
			);
			runOnlyForDeploymentPostprocessing = 0;
		};
/* End PBXSourcesBuildPhase section */

/* Begin PBXTargetDependency section */
		12FB34A22AC0638E00718A6C /* PBXTargetDependency */ = {
			isa = PBXTargetDependency;
			target = 12FB34892AC0638D00718A6C /* Counter */;
			targetProxy = 12FB34A12AC0638E00718A6C /* PBXContainerItemProxy */;
		};
		12FB34AC2AC0638E00718A6C /* PBXTargetDependency */ = {
			isa = PBXTargetDependency;
			target = 12FB34892AC0638D00718A6C /* Counter */;
			targetProxy = 12FB34AB2AC0638E00718A6C /* PBXContainerItemProxy */;
		};
/* End PBXTargetDependency section */

/* Begin PBXVariantGroup section */
		12FB34932AC0638D00718A6C /* Main.storyboard */ = {
			isa = PBXVariantGroup;
			children = (
				12FB34942AC0638D00718A6C /* Base */,
			);
			name = Main.storyboard;
			sourceTree = "<group>";
		};
		12FB34982AC0638E00718A6C /* LaunchScreen.storyboard */ = {
			isa = PBXVariantGroup;
			children = (
				12FB34992AC0638E00718A6C /* Base */,
			);
			name = LaunchScreen.storyboard;
			sourceTree = "<group>";
		};
/* End PBXVariantGroup section */

/* Begin XCBuildConfiguration section */
		12FB34B22AC0638E00718A6C /* Debug */ = {
			isa = XCBuildConfiguration;
			buildSettings = {
				ALWAYS_SEARCH_USER_PATHS = NO;
				CLANG_ANALYZER_NONNULL = YES;
				CLANG_ANALYZER_NUMBER_OBJECT_CONVERSION = YES_AGGRESSIVE;
				CLANG_CXX_LANGUAGE_STANDARD = "gnu++20";
				CLANG_ENABLE_MODULES = YES;
				CLANG_ENABLE_OBJC_ARC = YES;
				CLANG_ENABLE_OBJC_WEAK = YES;
				CLANG_WARN_BLOCK_CAPTURE_AUTORELEASING = YES;
				CLANG_WARN_BOOL_CONVERSION = YES;
				CLANG_WARN_COMMA = YES;
				CLANG_WARN_CONSTANT_CONVERSION = YES;
				CLANG_WARN_DEPRECATED_OBJC_IMPLEMENTATIONS = YES;
				CLANG_WARN_DIRECT_OBJC_ISA_USAGE = YES_ERROR;
				CLANG_WARN_DOCUMENTATION_COMMENTS = YES;
				CLANG_WARN_EMPTY_BODY = YES;
				CLANG_WARN_ENUM_CONVERSION = YES;
				CLANG_WARN_INFINITE_RECURSION = YES;
				CLANG_WARN_INT_CONVERSION = YES;
				CLANG_WARN_NON_LITERAL_NULL_CONVERSION = YES;
				CLANG_WARN_OBJC_IMPLICIT_RETAIN_SELF = YES;
				CLANG_WARN_OBJC_LITERAL_CONVERSION = YES;
				CLANG_WARN_OBJC_ROOT_CLASS = YES_ERROR;
				CLANG_WARN_QUOTED_INCLUDE_IN_FRAMEWORK_HEADER = YES;
				CLANG_WARN_RANGE_LOOP_ANALYSIS = YES;
				CLANG_WARN_STRICT_PROTOTYPES = YES;
				CLANG_WARN_SUSPICIOUS_MOVE = YES;
				CLANG_WARN_UNGUARDED_AVAILABILITY = YES_AGGRESSIVE;
				CLANG_WARN_UNREACHABLE_CODE = YES;
				CLANG_WARN__DUPLICATE_METHOD_MATCH = YES;
				COPY_PHASE_STRIP = NO;
				DEBUG_INFORMATION_FORMAT = dwarf;
				ENABLE_STRICT_OBJC_MSGSEND = YES;
				ENABLE_TESTABILITY = YES;
				GCC_C_LANGUAGE_STANDARD = gnu11;
				GCC_DYNAMIC_NO_PIC = NO;
				GCC_NO_COMMON_BLOCKS = YES;
				GCC_OPTIMIZATION_LEVEL = 0;
				GCC_PREPROCESSOR_DEFINITIONS = (
					"DEBUG=1",
					"$(inherited)",
				);
				GCC_WARN_64_TO_32_BIT_CONVERSION = YES;
				GCC_WARN_ABOUT_RETURN_TYPE = YES_ERROR;
				GCC_WARN_UNDECLARED_SELECTOR = YES;
				GCC_WARN_UNINITIALIZED_AUTOS = YES_AGGRESSIVE;
				GCC_WARN_UNUSED_FUNCTION = YES;
				GCC_WARN_UNUSED_VARIABLE = YES;
				IPHONEOS_DEPLOYMENT_TARGET = 16.4;
				MTL_ENABLE_DEBUG_INFO = INCLUDE_SOURCE;
				MTL_FAST_MATH = YES;
				ONLY_ACTIVE_ARCH = YES;
				SDKROOT = iphoneos;
				SWIFT_ACTIVE_COMPILATION_CONDITIONS = DEBUG;
				SWIFT_OPTIMIZATION_LEVEL = "-Onone";
			};
			name = Debug;
		};
		12FB34B32AC0638E00718A6C /* Release */ = {
			isa = XCBuildConfiguration;
			buildSettings = {
				ALWAYS_SEARCH_USER_PATHS = NO;
				CLANG_ANALYZER_NONNULL = YES;
				CLANG_ANALYZER_NUMBER_OBJECT_CONVERSION = YES_AGGRESSIVE;
				CLANG_CXX_LANGUAGE_STANDARD = "gnu++20";
				CLANG_ENABLE_MODULES = YES;
				CLANG_ENABLE_OBJC_ARC = YES;
				CLANG_ENABLE_OBJC_WEAK = YES;
				CLANG_WARN_BLOCK_CAPTURE_AUTORELEASING = YES;
				CLANG_WARN_BOOL_CONVERSION = YES;
				CLANG_WARN_COMMA = YES;
				CLANG_WARN_CONSTANT_CONVERSION = YES;
				CLANG_WARN_DEPRECATED_OBJC_IMPLEMENTATIONS = YES;
				CLANG_WARN_DIRECT_OBJC_ISA_USAGE = YES_ERROR;
				CLANG_WARN_DOCUMENTATION_COMMENTS = YES;
				CLANG_WARN_EMPTY_BODY = YES;
				CLANG_WARN_ENUM_CONVERSION = YES;
				CLANG_WARN_INFINITE_RECURSION = YES;
				CLANG_WARN_INT_CONVERSION = YES;
				CLANG_WARN_NON_LITERAL_NULL_CONVERSION = YES;
				CLANG_WARN_OBJC_IMPLICIT_RETAIN_SELF = YES;
				CLANG_WARN_OBJC_LITERAL_CONVERSION = YES;
				CLANG_WARN_OBJC_ROOT_CLASS = YES_ERROR;
				CLANG_WARN_QUOTED_INCLUDE_IN_FRAMEWORK_HEADER = YES;
				CLANG_WARN_RANGE_LOOP_ANALYSIS = YES;
				CLANG_WARN_STRICT_PROTOTYPES = YES;
				CLANG_WARN_SUSPICIOUS_MOVE = YES;
				CLANG_WARN_UNGUARDED_AVAILABILITY = YES_AGGRESSIVE;
				CLANG_WARN_UNREACHABLE_CODE = YES;
				CLANG_WARN__DUPLICATE_METHOD_MATCH = YES;
				COPY_PHASE_STRIP = NO;
				DEBUG_INFORMATION_FORMAT = "dwarf-with-dsym";
				ENABLE_NS_ASSERTIONS = NO;
				ENABLE_STRICT_OBJC_MSGSEND = YES;
				GCC_C_LANGUAGE_STANDARD = gnu11;
				GCC_NO_COMMON_BLOCKS = YES;
				GCC_WARN_64_TO_32_BIT_CONVERSION = YES;
				GCC_WARN_ABOUT_RETURN_TYPE = YES_ERROR;
				GCC_WARN_UNDECLARED_SELECTOR = YES;
				GCC_WARN_UNINITIALIZED_AUTOS = YES_AGGRESSIVE;
				GCC_WARN_UNUSED_FUNCTION = YES;
				GCC_WARN_UNUSED_VARIABLE = YES;
				IPHONEOS_DEPLOYMENT_TARGET = 16.4;
				MTL_ENABLE_DEBUG_INFO = NO;
				MTL_FAST_MATH = YES;
				SDKROOT = iphoneos;
				SWIFT_COMPILATION_MODE = wholemodule;
				SWIFT_OPTIMIZATION_LEVEL = "-O";
				VALIDATE_PRODUCT = YES;
			};
			name = Release;
		};
		12FB34B52AC0638E00718A6C /* Debug */ = {
			isa = XCBuildConfiguration;
			buildSettings = {
				ASSETCATALOG_COMPILER_APPICON_NAME = AppIcon;
				ASSETCATALOG_COMPILER_GLOBAL_ACCENT_COLOR_NAME = AccentColor;
				CODE_SIGN_STYLE = Automatic;
				CURRENT_PROJECT_VERSION = 1;
				DEVELOPMENT_TEAM = 3FJUPN3AVP;
				GENERATE_INFOPLIST_FILE = YES;
				INFOPLIST_FILE = Counter/Info.plist;
				INFOPLIST_KEY_UIApplicationSupportsIndirectInputEvents = YES;
				INFOPLIST_KEY_UILaunchStoryboardName = LaunchScreen;
				INFOPLIST_KEY_UIMainStoryboardFile = Main;
				INFOPLIST_KEY_UISupportedInterfaceOrientations_iPad = "UIInterfaceOrientationPortrait UIInterfaceOrientationPortraitUpsideDown UIInterfaceOrientationLandscapeLeft UIInterfaceOrientationLandscapeRight";
				INFOPLIST_KEY_UISupportedInterfaceOrientations_iPhone = "UIInterfaceOrientationPortrait UIInterfaceOrientationLandscapeLeft UIInterfaceOrientationLandscapeRight";
				LD_RUNPATH_SEARCH_PATHS = (
					"$(inherited)",
					"@executable_path/Frameworks",
				);
				MARKETING_VERSION = 1.0;
				PRODUCT_BUNDLE_IDENTIFIER = "com.magomedova-amina2005.Counter";
				PRODUCT_NAME = "$(TARGET_NAME)";
				SWIFT_EMIT_LOC_STRINGS = YES;
				SWIFT_VERSION = 5.0;
				TARGETED_DEVICE_FAMILY = "1,2";
			};
			name = Debug;
		};
		12FB34B62AC0638E00718A6C /* Release */ = {
			isa = XCBuildConfiguration;
			buildSettings = {
				ASSETCATALOG_COMPILER_APPICON_NAME = AppIcon;
				ASSETCATALOG_COMPILER_GLOBAL_ACCENT_COLOR_NAME = AccentColor;
				CODE_SIGN_STYLE = Automatic;
				CURRENT_PROJECT_VERSION = 1;
				DEVELOPMENT_TEAM = 3FJUPN3AVP;
				GENERATE_INFOPLIST_FILE = YES;
				INFOPLIST_FILE = Counter/Info.plist;
				INFOPLIST_KEY_UIApplicationSupportsIndirectInputEvents = YES;
				INFOPLIST_KEY_UILaunchStoryboardName = LaunchScreen;
				INFOPLIST_KEY_UIMainStoryboardFile = Main;
				INFOPLIST_KEY_UISupportedInterfaceOrientations_iPad = "UIInterfaceOrientationPortrait UIInterfaceOrientationPortraitUpsideDown UIInterfaceOrientationLandscapeLeft UIInterfaceOrientationLandscapeRight";
				INFOPLIST_KEY_UISupportedInterfaceOrientations_iPhone = "UIInterfaceOrientationPortrait UIInterfaceOrientationLandscapeLeft UIInterfaceOrientationLandscapeRight";
				LD_RUNPATH_SEARCH_PATHS = (
					"$(inherited)",
					"@executable_path/Frameworks",
				);
				MARKETING_VERSION = 1.0;
				PRODUCT_BUNDLE_IDENTIFIER = "com.magomedova-amina2005.Counter";
				PRODUCT_NAME = "$(TARGET_NAME)";
				SWIFT_EMIT_LOC_STRINGS = YES;
				SWIFT_VERSION = 5.0;
				TARGETED_DEVICE_FAMILY = "1,2";
			};
			name = Release;
		};
		12FB34B82AC0638E00718A6C /* Debug */ = {
			isa = XCBuildConfiguration;
			buildSettings = {
				ALWAYS_EMBED_SWIFT_STANDARD_LIBRARIES = YES;
				BUNDLE_LOADER = "$(TEST_HOST)";
				CODE_SIGN_STYLE = Automatic;
				CURRENT_PROJECT_VERSION = 1;
				DEVELOPMENT_TEAM = 3FJUPN3AVP;
				GENERATE_INFOPLIST_FILE = YES;
				IPHONEOS_DEPLOYMENT_TARGET = 16.4;
				MARKETING_VERSION = 1.0;
				PRODUCT_BUNDLE_IDENTIFIER = "com.magomedova-amina2005.CounterTests";
				PRODUCT_NAME = "$(TARGET_NAME)";
				SWIFT_EMIT_LOC_STRINGS = NO;
				SWIFT_VERSION = 5.0;
				TARGETED_DEVICE_FAMILY = "1,2";
				TEST_HOST = "$(BUILT_PRODUCTS_DIR)/Counter.app/$(BUNDLE_EXECUTABLE_FOLDER_PATH)/Counter";
			};
			name = Debug;
		};
		12FB34B92AC0638E00718A6C /* Release */ = {
			isa = XCBuildConfiguration;
			buildSettings = {
				ALWAYS_EMBED_SWIFT_STANDARD_LIBRARIES = YES;
				BUNDLE_LOADER = "$(TEST_HOST)";
				CODE_SIGN_STYLE = Automatic;
				CURRENT_PROJECT_VERSION = 1;
				DEVELOPMENT_TEAM = 3FJUPN3AVP;
				GENERATE_INFOPLIST_FILE = YES;
				IPHONEOS_DEPLOYMENT_TARGET = 16.4;
				MARKETING_VERSION = 1.0;
				PRODUCT_BUNDLE_IDENTIFIER = "com.magomedova-amina2005.CounterTests";
				PRODUCT_NAME = "$(TARGET_NAME)";
				SWIFT_EMIT_LOC_STRINGS = NO;
				SWIFT_VERSION = 5.0;
				TARGETED_DEVICE_FAMILY = "1,2";
				TEST_HOST = "$(BUILT_PRODUCTS_DIR)/Counter.app/$(BUNDLE_EXECUTABLE_FOLDER_PATH)/Counter";
			};
			name = Release;
		};
		12FB34BB2AC0638E00718A6C /* Debug */ = {
			isa = XCBuildConfiguration;
			buildSettings = {
				ALWAYS_EMBED_SWIFT_STANDARD_LIBRARIES = YES;
				CODE_SIGN_STYLE = Automatic;
				CURRENT_PROJECT_VERSION = 1;
				DEVELOPMENT_TEAM = 3FJUPN3AVP;
				GENERATE_INFOPLIST_FILE = YES;
				MARKETING_VERSION = 1.0;
				PRODUCT_BUNDLE_IDENTIFIER = "com.magomedova-amina2005.CounterUITests";
				PRODUCT_NAME = "$(TARGET_NAME)";
				SWIFT_EMIT_LOC_STRINGS = NO;
				SWIFT_VERSION = 5.0;
				TARGETED_DEVICE_FAMILY = "1,2";
				TEST_TARGET_NAME = Counter;
			};
			name = Debug;
		};
		12FB34BC2AC0638E00718A6C /* Release */ = {
			isa = XCBuildConfiguration;
			buildSettings = {
				ALWAYS_EMBED_SWIFT_STANDARD_LIBRARIES = YES;
				CODE_SIGN_STYLE = Automatic;
				CURRENT_PROJECT_VERSION = 1;
				DEVELOPMENT_TEAM = 3FJUPN3AVP;
				GENERATE_INFOPLIST_FILE = YES;
				MARKETING_VERSION = 1.0;
				PRODUCT_BUNDLE_IDENTIFIER = "com.magomedova-amina2005.CounterUITests";
				PRODUCT_NAME = "$(TARGET_NAME)";
				SWIFT_EMIT_LOC_STRINGS = NO;
				SWIFT_VERSION = 5.0;
				TARGETED_DEVICE_FAMILY = "1,2";
				TEST_TARGET_NAME = Counter;
			};
			name = Release;
		};
/* End XCBuildConfiguration section */

/* Begin XCConfigurationList section */
		12FB34852AC0638D00718A6C /* Build configuration list for PBXProject "Counter" */ = {
			isa = XCConfigurationList;
			buildConfigurations = (
				12FB34B22AC0638E00718A6C /* Debug */,
				12FB34B32AC0638E00718A6C /* Release */,
			);
			defaultConfigurationIsVisible = 0;
			defaultConfigurationName = Release;
		};
		12FB34B42AC0638E00718A6C /* Build configuration list for PBXNativeTarget "Counter" */ = {
			isa = XCConfigurationList;
			buildConfigurations = (
				12FB34B52AC0638E00718A6C /* Debug */,
				12FB34B62AC0638E00718A6C /* Release */,
			);
			defaultConfigurationIsVisible = 0;
			defaultConfigurationName = Release;
		};
		12FB34B72AC0638E00718A6C /* Build configuration list for PBXNativeTarget "CounterTests" */ = {
			isa = XCConfigurationList;
			buildConfigurations = (
				12FB34B82AC0638E00718A6C /* Debug */,
				12FB34B92AC0638E00718A6C /* Release */,
			);
			defaultConfigurationIsVisible = 0;
			defaultConfigurationName = Release;
		};
		12FB34BA2AC0638E00718A6C /* Build configuration list for PBXNativeTarget "CounterUITests" */ = {
			isa = XCConfigurationList;
			buildConfigurations = (
				12FB34BB2AC0638E00718A6C /* Debug */,
				12FB34BC2AC0638E00718A6C /* Release */,
			);
			defaultConfigurationIsVisible = 0;
			defaultConfigurationName = Release;
		};
/* End XCConfigurationList section */
	};
	rootObject = 12FB34822AC0638D00718A6C /* Project object */;
}
